<?xml version="1.0" encoding="utf-8"?>
<Project ToolsVersion="4.0" xmlns="http://schemas.microsoft.com/developer/msbuild/2003">
  <ItemGroup>
    <ClCompile Include="..\UnitTest_Src\TestBlockPrinter.cpp" />
    <ClCompile Include="AccessException.cpp" />
    <ClCompile Include="AM.cpp" />
    <ClCompile Include="BasicBlock.cpp" />
    <ClCompile Include="BDBEnv.cpp" />
    <ClCompile Include="BitBlock.cpp" />
    <ClCompile Include="BitmapDataSource.cpp" />
    <ClCompile Include="BitmapDecoder.cpp" />
    <ClCompile Include="BitmapEncoder.cpp" />
    <ClCompile Include="BitReader.cpp" />
    <ClCompile Include="BitUtil.cpp" />
    <ClCompile Include="Block.cpp" />
    <ClCompile Include="BlockPrinter.cpp" />
    <ClCompile Include="CodingException.cpp" />
    <ClCompile Include="ColumnExtracter.cpp" />
    <ClCompile Include="CompareRoutine.cpp" />
    <ClCompile Include="Cursor.cpp" />
    <ClCompile Include="DataSource.cpp" />
    <ClCompile Include="Decoder.cpp" />
    <ClCompile Include="dllmain.cpp" />
    <ClCompile Include="DoubleValPos.cpp" />
    <ClCompile Include="Encoder.cpp" />
    <ClCompile Include="Exception.cpp" />
    <ClCompile Include="FloatValPos.cpp" />
    <ClCompile Include="GUIDGen.cpp" />
    <ClCompile Include="HashMap.cpp" />
    <ClCompile Include="IntDecoder.cpp" />
    <ClCompile Include="IntEncoder.cpp" />
    <ClCompile Include="IntReader.cpp" />
    <ClCompile Include="IntValPos.cpp" />
    <ClCompile Include="IntWriter.cpp" />
    <ClCompile Include="Log.cpp" />
    <ClCompile Include="LongValPos.cpp" />
    <ClCompile Include="LRCSBasis.cpp" />
    <ClCompile Include="LRCS_ENV.cpp" />
    <ClCompile Include="LZDataSource.cpp" />
    <ClCompile Include="LZDecoder.cpp" />
    <ClCompile Include="LZEncoder.cpp" />
    <ClCompile Include="MultiBlock.cpp" />
    <ClCompile Include="MultiPosFilterBlock.cpp" />
    <ClCompile Include="MultiPosFilterCursor.cpp" />
    <ClCompile Include="NullValPos.cpp" />
    <ClCompile Include="Operator.cpp" />
    <ClCompile Include="PagePlacer.cpp" />
    <ClCompile Include="PageWriter.cpp" />
    <ClCompile Include="ParallelHelper.cpp" />
    <ClCompile Include="PosBlock.cpp" />
    <ClCompile Include="PosDecoder.cpp" />
    <ClCompile Include="PosEncoder.cpp" />
    <ClCompile Include="PosFilterBlock.cpp" />
    <ClCompile Include="PosFilterCursor.cpp" />
    <ClCompile Include="PosOperator.cpp" />
    <ClCompile Include="Predicate.cpp" />
    <ClCompile Include="Projection.cpp" />
    <ClCompile Include="ProjMaker.cpp" />
    <ClCompile Include="RLEBlock.cpp" />
    <ClCompile Include="RLEDataSource.cpp" />
    <ClCompile Include="RLEDecoder.cpp" />
    <ClCompile Include="RLEncoder.cpp" />
    <ClCompile Include="ROSAM.cpp" />
    <ClCompile Include="SColumnExtracter.cpp" />
    <ClCompile Include="stdafx.cpp" />
    <ClCompile Include="StopWatch.cpp" />
    <ClCompile Include="StringDataSource.cpp" />
    <ClCompile Include="StringDecoder.cpp" />
    <ClCompile Include="StringEncoder.cpp" />
    <ClCompile Include="StringReader.cpp" />
    <ClCompile Include="StringUtil.cpp" />
    <ClCompile Include="StringValPos.cpp" />
    <ClCompile Include="StringWriter.cpp" />
    <ClCompile Include="SysDbEnv.cpp" />
    <ClCompile Include="SysTime.cpp" />
    <ClCompile Include="TypeConvert.cpp" />
    <ClCompile Include="UncompressedDecoder.cpp" />
    <ClCompile Include="UncompressedEncoder.cpp" />
    <ClCompile Include="UnexpectedException.cpp" />
    <ClCompile Include="UnimplementedException.cpp" />
    <ClCompile Include="ValPos.cpp" />
    <ClCompile Include="Writer.cpp" />
  </ItemGroup>
  <ItemGroup>
    <ClInclude Include="AccessException.h" />
    <ClInclude Include="AM.h" />
    <ClInclude Include="BasicBlock.h" />
    <ClInclude Include="BDBEnv.h" />
    <ClInclude Include="BitBlock.h" />
    <ClInclude Include="BitmapDataSource.h" />
    <ClInclude Include="BitmapDecoder.h" />
    <ClInclude Include="BitmapEncoder.h" />
    <ClInclude Include="BitReader.h" />
    <ClInclude Include="BitUtil.h" />
    <ClInclude Include="Block.h" />
    <ClInclude Include="BlockPrinter.h" />
    <ClInclude Include="CodingException.h" />
    <ClInclude Include="ColumnExtracter.h" />
    <ClInclude Include="CompareRoutine.h" />
    <ClInclude Include="Constants.h" />
    <ClInclude Include="Cursor.h" />
    <ClInclude Include="DataSource.h" />
    <ClInclude Include="Decoder.h" />
    <ClInclude Include="DoubleValPos.h" />
    <ClInclude Include="Encoder.h" />
    <ClInclude Include="Exception.h" />
    <ClInclude Include="FloatValPos.h" />
    <ClInclude Include="GUIDGen.h" />
    <ClInclude Include="HashFunction.h" />
    <ClInclude Include="HashMap.h" />
    <ClInclude Include="IntDecoder.h" />
    <ClInclude Include="IntEncoder.h" />
    <ClInclude Include="IntReader.h" />
    <ClInclude Include="IntValPos.h" />
    <ClInclude Include="IntWriter.h" />
    <ClInclude Include="Log.h" />
    <ClInclude Include="LongValPos.h" />
    <ClInclude Include="LRCS_ENV.h" />
    <ClInclude Include="LZDataSource.h" />
    <ClInclude Include="LZDecoder.h" />
    <ClInclude Include="LZEncoder.h" />
    <ClInclude Include="MultiBlock.h" />
    <ClInclude Include="MultiPosFilterBlock.h" />
    <ClInclude Include="MultiPosFilterCursor.h" />
    <ClInclude Include="NullValPos.h" />
    <ClInclude Include="Operator.h" />
    <ClInclude Include="PagePlacer.h" />
    <ClInclude Include="PageWriter.h" />
    <ClInclude Include="ParallelHelper.h" />
    <ClInclude Include="PosBlock.h" />
    <ClInclude Include="PosDecoder.h" />
    <ClInclude Include="PosEncoder.h" />
    <ClInclude Include="PosFilterBlock.h" />
    <ClInclude Include="PosFilterCursor.h" />
    <ClInclude Include="PosOperator.h" />
    <ClInclude Include="Predicate.h" />
    <ClInclude Include="Projection.h" />
    <ClInclude Include="ProjMaker.h" />
    <ClInclude Include="RLEBlock.h" />
    <ClInclude Include="RLEDataSource.h" />
    <ClInclude Include="RLEDecoder.h" />
    <ClInclude Include="RLEncoder.h" />
    <ClInclude Include="RLESuperDecoder.h" />
    <ClInclude Include="RLETriple.h" />
    <ClInclude Include="ROSAM.h" />
    <ClInclude Include="SColumnExtracter.h" />
    <ClInclude Include="stdafx.h" />
    <ClInclude Include="StopWatch.h" />
    <ClInclude Include="StringColumnCreator.h" />
    <ClInclude Include="StringDataSource.h" />
    <ClInclude Include="StringDecoder.h" />
    <ClInclude Include="StringEncoder.h" />
    <ClInclude Include="StringReader.h" />
    <ClInclude Include="StringUtil.h" />
    <ClInclude Include="StringValPos.h" />
    <ClInclude Include="StringWriter.h" />
    <ClInclude Include="SysDbEnv.h" />
    <ClInclude Include="SysTime.h" />
    <ClInclude Include="targetver.h" />
    <ClInclude Include="TypeConvert.h" />
    <ClInclude Include="UncompressedDecoder.h" />
    <ClInclude Include="UncompressedEncoder.h" />
    <ClInclude Include="UnexpectedException.h" />
    <ClInclude Include="UnimplementedException.h" />
    <ClInclude Include="Util.h" />
    <ClInclude Include="ValPos.h" />
    <ClInclude Include="Writer.h" />
  </ItemGroup>
  <ItemGroup>
    <Text Include="ReadMe.txt" />
  </ItemGroup>
</Project>