
Microsoft Visual Studio Solution File, Format Version 12.00
# Visual Studio 2013
VisualStudioVersion = 12.0.21005.1
MinimumVisualStudioVersion = 10.0.40219.1
Project("{8BC9CEB8-8B4A-11D0-8D11-00A0C91BC942}") = "LRCS_TST", "LRCS_TST\LRCS_TST.vcxproj", "{73EB4947-E619-432B-BD6F-F3E6CC539AAE}"
EndProject
Project("{8BC9CEB8-8B4A-11D0-8D11-00A0C91BC942}") = "LRCSBasis", "LRCSBasis\LRCSBasis.vcxproj", "{E65389B8-595D-4BAC-A10C-2B6D500CDA41}"
EndProject
Project("{8BC9CEB8-8B4A-11D0-8D11-00A0C91BC942}") = "DbLayer_Test", "DbLayer_Test\DbLayer_Test.vcxproj", "{64FB1DEC-5CF3-4908-9654-7B3A97952F5F}"
	ProjectSection(ProjectDependencies) = postProject
		{E65389B8-595D-4BAC-A10C-2B6D500CDA41} = {E65389B8-595D-4BAC-A10C-2B6D500CDA41}
		{0FFAE2BC-A286-4659-9D46-61C8C42D8B3E} = {0FFAE2BC-A286-4659-9D46-61C8C42D8B3E}
	EndProjectSection
EndProject
Project("{8BC9CEB8-8B4A-11D0-8D11-00A0C91BC942}") = "LRCS_TestData", "LRCS_TestData\LRCS_TestData.vcxproj", "{1FE50326-9AE4-4165-BAD0-B0FA9573856D}"
	ProjectSection(ProjectDependencies) = postProject
		{64FB1DEC-5CF3-4908-9654-7B3A97952F5F} = {64FB1DEC-5CF3-4908-9654-7B3A97952F5F}
	EndProjectSection
EndProject
Project("{8BC9CEB8-8B4A-11D0-8D11-00A0C91BC942}") = "QueryExecutor", "QueryExecutor\QueryExecutor.vcxproj", "{0FFAE2BC-A286-4659-9D46-61C8C42D8B3E}"
	ProjectSection(ProjectDependencies) = postProject
		{E65389B8-595D-4BAC-A10C-2B6D500CDA41} = {E65389B8-595D-4BAC-A10C-2B6D500CDA41}
	EndProjectSection
EndProject
Global
	GlobalSection(SolutionConfigurationPlatforms) = preSolution
		Debug|Any CPU = Debug|Any CPU
		Debug|Mixed Platforms = Debug|Mixed Platforms
		Debug|Win32 = Debug|Win32
		Release|Any CPU = Release|Any CPU
		Release|Mixed Platforms = Release|Mixed Platforms
		Release|Win32 = Release|Win32
	EndGlobalSection
	GlobalSection(ProjectConfigurationPlatforms) = postSolution
		{73EB4947-E619-432B-BD6F-F3E6CC539AAE}.Debug|Any CPU.ActiveCfg = Debug|Win32
		{73EB4947-E619-432B-BD6F-F3E6CC539AAE}.Debug|Mixed Platforms.ActiveCfg = Debug|Win32
		{73EB4947-E619-432B-BD6F-F3E6CC539AAE}.Debug|Mixed Platforms.Build.0 = Debug|Win32
		{73EB4947-E619-432B-BD6F-F3E6CC539AAE}.Debug|Win32.ActiveCfg = Debug|Win32
		{73EB4947-E619-432B-BD6F-F3E6CC539AAE}.Debug|Win32.Build.0 = Debug|Win32
		{73EB4947-E619-432B-BD6F-F3E6CC539AAE}.Release|Any CPU.ActiveCfg = Release|Win32
		{73EB4947-E619-432B-BD6F-F3E6CC539AAE}.Release|Mixed Platforms.ActiveCfg = Release|Win32
		{73EB4947-E619-432B-BD6F-F3E6CC539AAE}.Release|Mixed Platforms.Build.0 = Release|Win32
		{73EB4947-E619-432B-BD6F-F3E6CC539AAE}.Release|Win32.ActiveCfg = Release|Win32
		{73EB4947-E619-432B-BD6F-F3E6CC539AAE}.Release|Win32.Build.0 = Release|Win32
		{E65389B8-595D-4BAC-A10C-2B6D500CDA41}.Debug|Any CPU.ActiveCfg = Debug|Win32
		{E65389B8-595D-4BAC-A10C-2B6D500CDA41}.Debug|Mixed Platforms.ActiveCfg = Debug|Win32
		{E65389B8-595D-4BAC-A10C-2B6D500CDA41}.Debug|Mixed Platforms.Build.0 = Debug|Win32
		{E65389B8-595D-4BAC-A10C-2B6D500CDA41}.Debug|Win32.ActiveCfg = Debug|Win32
		{E65389B8-595D-4BAC-A10C-2B6D500CDA41}.Debug|Win32.Build.0 = Debug|Win32
		{E65389B8-595D-4BAC-A10C-2B6D500CDA41}.Release|Any CPU.ActiveCfg = Release|Win32
		{E65389B8-595D-4BAC-A10C-2B6D500CDA41}.Release|Mixed Platforms.ActiveCfg = Release|Win32
		{E65389B8-595D-4BAC-A10C-2B6D500CDA41}.Release|Mixed Platforms.Build.0 = Release|Win32
		{E65389B8-595D-4BAC-A10C-2B6D500CDA41}.Release|Win32.ActiveCfg = Release|Win32
		{E65389B8-595D-4BAC-A10C-2B6D500CDA41}.Release|Win32.Build.0 = Release|Win32
		{64FB1DEC-5CF3-4908-9654-7B3A97952F5F}.Debug|Any CPU.ActiveCfg = Debug|Win32
		{64FB1DEC-5CF3-4908-9654-7B3A97952F5F}.Debug|Mixed Platforms.ActiveCfg = Debug|Win32
		{64FB1DEC-5CF3-4908-9654-7B3A97952F5F}.Debug|Mixed Platforms.Build.0 = Debug|Win32
		{64FB1DEC-5CF3-4908-9654-7B3A97952F5F}.Debug|Win32.ActiveCfg = Debug|Win32
		{64FB1DEC-5CF3-4908-9654-7B3A97952F5F}.Debug|Win32.Build.0 = Debug|Win32
		{64FB1DEC-5CF3-4908-9654-7B3A97952F5F}.Release|Any CPU.ActiveCfg = Release|Win32
		{64FB1DEC-5CF3-4908-9654-7B3A97952F5F}.Release|Mixed Platforms.ActiveCfg = Release|Win32
		{64FB1DEC-5CF3-4908-9654-7B3A97952F5F}.Release|Mixed Platforms.Build.0 = Release|Win32
		{64FB1DEC-5CF3-4908-9654-7B3A97952F5F}.Release|Win32.ActiveCfg = Release|Win32
		{64FB1DEC-5CF3-4908-9654-7B3A97952F5F}.Release|Win32.Build.0 = Release|Win32
		{1FE50326-9AE4-4165-BAD0-B0FA9573856D}.Debug|Any CPU.ActiveCfg = Debug|Win32
		{1FE50326-9AE4-4165-BAD0-B0FA9573856D}.Debug|Mixed Platforms.ActiveCfg = Debug|Win32
		{1FE50326-9AE4-4165-BAD0-B0FA9573856D}.Debug|Mixed Platforms.Build.0 = Debug|Win32
		{1FE50326-9AE4-4165-BAD0-B0FA9573856D}.Debug|Win32.ActiveCfg = Debug|Win32
		{1FE50326-9AE4-4165-BAD0-B0FA9573856D}.Debug|Win32.Build.0 = Debug|Win32
		{1FE50326-9AE4-4165-BAD0-B0FA9573856D}.Release|Any CPU.ActiveCfg = Release|Win32
		{1FE50326-9AE4-4165-BAD0-B0FA9573856D}.Release|Mixed Platforms.ActiveCfg = Release|Win32
		{1FE50326-9AE4-4165-BAD0-B0FA9573856D}.Release|Mixed Platforms.Build.0 = Release|Win32
		{1FE50326-9AE4-4165-BAD0-B0FA9573856D}.Release|Win32.ActiveCfg = Release|Win32
		{1FE50326-9AE4-4165-BAD0-B0FA9573856D}.Release|Win32.Build.0 = Release|Win32
		{0FFAE2BC-A286-4659-9D46-61C8C42D8B3E}.Debug|Any CPU.ActiveCfg = Debug|Win32
		{0FFAE2BC-A286-4659-9D46-61C8C42D8B3E}.Debug|Mixed Platforms.ActiveCfg = Debug|Win32
		{0FFAE2BC-A286-4659-9D46-61C8C42D8B3E}.Debug|Mixed Platforms.Build.0 = Debug|Win32
		{0FFAE2BC-A286-4659-9D46-61C8C42D8B3E}.Debug|Win32.ActiveCfg = Debug|Win32
		{0FFAE2BC-A286-4659-9D46-61C8C42D8B3E}.Debug|Win32.Build.0 = Debug|Win32
		{0FFAE2BC-A286-4659-9D46-61C8C42D8B3E}.Release|Any CPU.ActiveCfg = Release|Win32
		{0FFAE2BC-A286-4659-9D46-61C8C42D8B3E}.Release|Mixed Platforms.ActiveCfg = Release|Win32
		{0FFAE2BC-A286-4659-9D46-61C8C42D8B3E}.Release|Mixed Platforms.Build.0 = Release|Win32
		{0FFAE2BC-A286-4659-9D46-61C8C42D8B3E}.Release|Win32.ActiveCfg = Release|Win32
		{0FFAE2BC-A286-4659-9D46-61C8C42D8B3E}.Release|Win32.Build.0 = Release|Win32
	EndGlobalSection
	GlobalSection(SolutionProperties) = preSolution
		HideSolutionNode = FALSE
	EndGlobalSection
EndGlobal
