<?xml version="1.0" encoding="utf-8"?>
<Project ToolsVersion="4.0" xmlns="http://schemas.microsoft.com/developer/msbuild/2003">
  <ItemGroup>
    <Filter Include="Source Files">
      <UniqueIdentifier>{4FC737F1-C7A5-4376-A066-2A32D752A2FF}</UniqueIdentifier>
      <Extensions>cpp;c;cc;cxx;def;odl;idl;hpj;bat;asm;asmx</Extensions>
    </Filter>
    <Filter Include="Header Files">
      <UniqueIdentifier>{93995380-89BD-4b04-88EB-625FBE52EBFB}</UniqueIdentifier>
      <Extensions>h;hh;hpp;hxx;hm;inl;inc;xsd</Extensions>
    </Filter>
    <Filter Include="Resource Files">
      <UniqueIdentifier>{67DA6AB6-F800-4c08-8B7A-83BB121AAD01}</UniqueIdentifier>
      <Extensions>rc;ico;cur;bmp;dlg;rc2;rct;bin;rgs;gif;jpg;jpeg;jpe;resx;tiff;tif;png;wav;mfcribbon-ms</Extensions>
    </Filter>
    <Filter Include="Header Files\Encoder">
      <UniqueIdentifier>{caa5a070-fd9f-4a29-84aa-4914c2a233ba}</UniqueIdentifier>
    </Filter>
    <Filter Include="Source Files\Encoder">
      <UniqueIdentifier>{32cfa345-32ec-42da-9d25-8e84f1124bbb}</UniqueIdentifier>
    </Filter>
    <Filter Include="Header Files\Decoder">
      <UniqueIdentifier>{9b0d6b0a-7a36-42f9-848d-80fe6c4afb6b}</UniqueIdentifier>
      <Extensions>
      </Extensions>
    </Filter>
    <Filter Include="Header Files\Reader">
      <UniqueIdentifier>{767e206b-9585-48ea-9ad6-b8fef8026218}</UniqueIdentifier>
    </Filter>
    <Filter Include="Source Files\Decoder">
      <UniqueIdentifier>{4f6aba90-1938-48cd-b202-8d9d7c2cfe4c}</UniqueIdentifier>
    </Filter>
    <Filter Include="Source Files\Reader">
      <UniqueIdentifier>{30eaa22d-16c8-4707-9831-500ded8db19f}</UniqueIdentifier>
    </Filter>
  </ItemGroup>
  <ItemGroup>
    <Text Include="ReadMe.txt" />
  </ItemGroup>
  <ItemGroup>
    <ClInclude Include="stdafx.h">
      <Filter>Header Files</Filter>
    </ClInclude>
    <ClInclude Include="targetver.h">
      <Filter>Header Files</Filter>
    </ClInclude>
    <ClInclude Include="BitmapEncoder.h">
      <Filter>Header Files\Encoder</Filter>
    </ClInclude>
    <ClInclude Include="Encoder.h">
      <Filter>Header Files\Encoder</Filter>
    </ClInclude>
    <ClInclude Include="IntEncoder.h">
      <Filter>Header Files\Encoder</Filter>
    </ClInclude>
    <ClInclude Include="LZEncoder.h">
      <Filter>Header Files\Encoder</Filter>
    </ClInclude>
    <ClInclude Include="PosEncoder.h">
      <Filter>Header Files\Encoder</Filter>
    </ClInclude>
    <ClInclude Include="RLEncoder.h">
      <Filter>Header Files\Encoder</Filter>
    </ClInclude>
    <ClInclude Include="StringEncoder.h">
      <Filter>Header Files\Encoder</Filter>
    </ClInclude>
    <ClInclude Include="UncompressedEncoder.h">
      <Filter>Header Files\Encoder</Filter>
    </ClInclude>
    <ClInclude Include="BitReader.h">
      <Filter>Header Files\Reader</Filter>
    </ClInclude>
    <ClInclude Include="IntReader.h">
      <Filter>Header Files\Reader</Filter>
    </ClInclude>
    <ClInclude Include="StringReader.h">
      <Filter>Header Files\Reader</Filter>
    </ClInclude>
    <ClInclude Include="BitmapDecoder.h">
      <Filter>Header Files\Decoder</Filter>
    </ClInclude>
    <ClInclude Include="Decoder.h">
      <Filter>Header Files\Decoder</Filter>
    </ClInclude>
    <ClInclude Include="IntDecoder.h">
      <Filter>Header Files\Decoder</Filter>
    </ClInclude>
    <ClInclude Include="LZDecoder.h">
      <Filter>Header Files\Decoder</Filter>
    </ClInclude>
    <ClInclude Include="PosDecoder.h">
      <Filter>Header Files\Decoder</Filter>
    </ClInclude>
    <ClInclude Include="RLEDecoder.h">
      <Filter>Header Files\Decoder</Filter>
    </ClInclude>
    <ClInclude Include="RLESuperDecoder.h">
      <Filter>Header Files\Decoder</Filter>
    </ClInclude>
    <ClInclude Include="StringDecoder.h">
      <Filter>Header Files\Decoder</Filter>
    </ClInclude>
    <ClInclude Include="UncompressedDecoder.h">
      <Filter>Header Files\Decoder</Filter>
    </ClInclude>
  </ItemGroup>
  <ItemGroup>
    <ClCompile Include="stdafx.cpp">
      <Filter>Source Files</Filter>
    </ClCompile>
    <ClCompile Include="LRCSWrapper.cpp">
      <Filter>Source Files</Filter>
    </ClCompile>
    <ClCompile Include="dllmain.cpp">
      <Filter>Source Files</Filter>
    </ClCompile>
    <ClCompile Include="BitmapEncoder.cpp">
      <Filter>Source Files\Encoder</Filter>
    </ClCompile>
    <ClCompile Include="Encoder.cpp">
      <Filter>Source Files\Encoder</Filter>
    </ClCompile>
    <ClCompile Include="IntEncoder.cpp">
      <Filter>Source Files\Encoder</Filter>
    </ClCompile>
    <ClCompile Include="LZEncoder.cpp">
      <Filter>Source Files\Encoder</Filter>
    </ClCompile>
    <ClCompile Include="PosEncoder.cpp">
      <Filter>Source Files\Encoder</Filter>
    </ClCompile>
    <ClCompile Include="RLEncoder.cpp">
      <Filter>Source Files\Encoder</Filter>
    </ClCompile>
    <ClCompile Include="StringEncoder.cpp">
      <Filter>Source Files\Encoder</Filter>
    </ClCompile>
    <ClCompile Include="UncompressedEncoder.cpp">
      <Filter>Source Files\Encoder</Filter>
    </ClCompile>
    <ClCompile Include="IntReader.cpp">
      <Filter>Source Files\Reader</Filter>
    </ClCompile>
    <ClCompile Include="StringReader.cpp">
      <Filter>Source Files\Reader</Filter>
    </ClCompile>
    <ClCompile Include="BitReader.cpp">
      <Filter>Source Files\Reader</Filter>
    </ClCompile>
    <ClCompile Include="BitmapDecoder.cpp">
      <Filter>Source Files\Decoder</Filter>
    </ClCompile>
    <ClCompile Include="Decoder.cpp">
      <Filter>Source Files\Decoder</Filter>
    </ClCompile>
    <ClCompile Include="IntDecoder.cpp">
      <Filter>Source Files\Decoder</Filter>
    </ClCompile>
    <ClCompile Include="PosDecoder.cpp">
      <Filter>Source Files\Decoder</Filter>
    </ClCompile>
    <ClCompile Include="RLEDecoder.cpp">
      <Filter>Source Files\Decoder</Filter>
    </ClCompile>
    <ClCompile Include="StringDecoder.cpp">
      <Filter>Source Files\Decoder</Filter>
    </ClCompile>
    <ClCompile Include="UncompressedDecoder.cpp">
      <Filter>Source Files\Decoder</Filter>
    </ClCompile>
    <ClCompile Include="LZDecoder.cpp">
      <Filter>Source Files\Decoder</Filter>
    </ClCompile>
  </ItemGroup>
</Project>